Microsoft Visual Studio Solution File, Format Version 12.00
# Visual Studio Version 17
VisualStudioVersion = 17.0.31903.59
MinimumVisualStudioVersion = 10.0.40219.1
Project("{2150E333-8FDC-42A3-9474-1A3956D46DE8}") = "src", "src", "{827E0CD3-B72D-47B6-A68D-7590B98EB39B}"
EndProject
Project("{FAE04EC0-301F-11D3-BF4B-00C04F79EFBC}") = "Interpreter.Core.Abstractions", "src\Interpreter.Core.Abstractions\Interpreter.Core.Abstractions.csproj", "{F8D59D43-A81D-4A29-8B0A-E01A17C356D5}"
EndProject
Project("{FAE04EC0-301F-11D3-BF4B-00C04F79EFBC}") = "Interpreter.Core.Execution", "src\Interpreter.Core.Execution\Interpreter.Core.Execution.csproj", "{F1BAF89F-5AE6-422D-922B-09A4F40F6A8A}"
EndProject
Project("{FAE04EC0-301F-11D3-BF4B-00C04F79EFBC}") = "Interpreter.Domain.Concrete", "src\Interpreter.Domain.Concrete\Interpreter.Domain.Concrete.csproj", "{95CDB216-4E09-4CE4-B7FC-5A74D4CC2E6D}"
EndProject
Project("{FAE04EC0-301F-11D3-BF4B-00C04F79EFBC}") = "Interpreter.Host.Abstractions", "src\Interpreter.Host.Abstractions\Interpreter.Host.Abstractions.csproj", "{D689C5A3-7F4F-4498-8034-3E7F4B4DA5E9}"
EndProject
Project("{FAE04EC0-301F-11D3-BF4B-00C04F79EFBC}") = "Interpreter.Metadata.Abstractions", "src\Interpreter.Metadata.Abstractions\Interpreter.Metadata.Abstractions.csproj", "{D0A3B54A-968C-498E-8429-D937A65248DE}"
EndProject
Project("{FAE04EC0-301F-11D3-BF4B-00C04F79EFBC}") = "Interpreter.Host.Dump.ClrMD", "src\Interpreter.Host.Dump.ClrMD\Interpreter.Host.Dump.ClrMD.csproj", "{BA7FE7BD-A153-4AB5-95F3-4821FBFCD65E}"
EndProject
Project("{FAE04EC0-301F-11D3-BF4B-00C04F79EFBC}") = "Interpreter.Product.DumpQuery", "src\Interpreter.Product.DumpQuery\Interpreter.Product.DumpQuery.csproj", "{E7E1C95A-CEB2-4D0D-A4EC-5F5D5B13EF80}"
EndProject
Project("{FAE04EC0-301F-11D3-BF4B-00C04F79EFBC}") = "Interpreter.Metadata.SRM", "src\Interpreter.Metadata.SRM\Interpreter.Metadata.SRM.csproj", "{55E112A7-5162-4C41-B767-07BEB80D0BE0}"
EndProject
Project("{2150E333-8FDC-42A3-9474-1A3956D46DE8}") = "tests", "tests", "{0AB3BF05-4346-4AA6-1389-037BE0695223}"
EndProject
Project("{FAE04EC0-301F-11D3-BF4B-00C04F79EFBC}") = "Interpreter.TestTarget", "tests\Interpreter.TestTarget\Interpreter.TestTarget.csproj", "{C1A0BF64-D3D6-4217-A701-8CD3772BBCDB}"
EndProject
Project("{FAE04EC0-301F-11D3-BF4B-00C04F79EFBC}") = "Interpreter.IntegrationTests", "tests\Interpreter.IntegrationTests\Interpreter.IntegrationTests.csproj", "{93EF2998-5FCD-475E-A1AD-E421633C5374}"
EndProject
Project("{FAE04EC0-301F-11D3-BF4B-00C04F79EFBC}") = "Interpreter.Tests", "tests\Interpreter.Tests\Interpreter.Tests.csproj", "{6D4D2519-8CB0-4B56-9C49-306F17EFA165}"
EndProject
Project("{FAE04EC0-301F-11D3-BF4B-00C04F79EFBC}") = "Interpreter.OptimizedContextTestTarget", "tests\Interpreter.OptimizedContextTestTarget\Interpreter.OptimizedContextTestTarget.csproj", "{53F6A43F-3A0C-4151-B810-C6847BCC953F}"
EndProject
Project("{FAE04EC0-301F-11D3-BF4B-00C04F79EFBC}") = "Interpreter.W7TestTarget", "tests\Interpreter.W7TestTarget\Interpreter.W7TestTarget.csproj", "{582834B0-F4A3-4AF5-83E0-F10B38794621}"
EndProject
Project("{FAE04EC0-301F-11D3-BF4B-00C04F79EFBC}") = "Interpreter.W7PdbConflictFixture", "tests\Interpreter.W7PdbConflictFixture\Interpreter.W7PdbConflictFixture.csproj", "{7A6BDB9A-0D8F-4C38-A20A-2670D8A4D84E}"
EndProject
Project("{FAE04EC0-301F-11D3-BF4B-00C04F79EFBC}") = "Interpreter.W7DuplicateTypeFixture", "tests\Interpreter.W7DuplicateTypeFixture\Interpreter.W7DuplicateTypeFixture.csproj", "{AC2AE265-4AFD-4A05-9CA1-A76E8D87D81D}"
EndProject
Project("{FAE04EC0-301F-11D3-BF4B-00C04F79EFBC}") = "Interpreter.Product.DumpDebugging", "src\Interpreter.Product.DumpDebugging\Interpreter.Product.DumpDebugging.csproj", "{DF6C6656-1F6D-4F07-A6DA-24039C2B7043}"
EndProject
Project("{FAE04EC0-301F-11D3-BF4B-00C04F79EFBC}") = "Interpreter.Headless.ReferenceConsumer", "src\Interpreter.Headless.ReferenceConsumer\Interpreter.Headless.ReferenceConsumer.csproj", "{F46A5D26-3C0A-4FB7-B431-97E8B83C3D99}"
EndProject
Project("{FAE04EC0-301F-11D3-BF4B-00C04F79EFBC}") = "Interpreter.W8AliasTarget", "tests\Interpreter.W8AliasTarget\Interpreter.W8AliasTarget.csproj", "{CC89D2B0-EDFE-4AA9-8919-DE66F2EA5A8B}"
EndProject
Project("{FAE04EC0-301F-11D3-BF4B-00C04F79EFBC}") = "Interpreter.W8TestTarget", "tests\Interpreter.W8TestTarget\Interpreter.W8TestTarget.csproj", "{623F9DA7-690E-42BF-BD14-DF1E05BCB2CD}"
EndProject
Global
	GlobalSection(SolutionConfigurationPlatforms) = preSolution
		Debug|Any CPU = Debug|Any CPU
		Debug|x64 = Debug|x64
		Debug|x86 = Debug|x86
		Release|Any CPU = Release|Any CPU
		Release|x64 = Release|x64
		Release|x86 = Release|x86
	EndGlobalSection
	GlobalSection(ProjectConfigurationPlatforms) = postSolution
		{F8D59D43-A81D-4A29-8B0A-E01A17C356D5}.Debug|Any CPU.ActiveCfg = Debug|Any CPU
		{F8D59D43-A81D-4A29-8B0A-E01A17C356D5}.Debug|Any CPU.Build.0 = Debug|Any CPU
		{F8D59D43-A81D-4A29-8B0A-E01A17C356D5}.Debug|x64.ActiveCfg = Debug|Any CPU
		{F8D59D43-A81D-4A29-8B0A-E01A17C356D5}.Debug|x64.Build.0 = Debug|Any CPU
		{F8D59D43-A81D-4A29-8B0A-E01A17C356D5}.Debug|x86.ActiveCfg = Debug|Any CPU
		{F8D59D43-A81D-4A29-8B0A-E01A17C356D5}.Debug|x86.Build.0 = Debug|Any CPU
		{F8D59D43-A81D-4A29-8B0A-E01A17C356D5}.Release|Any CPU.ActiveCfg = Release|Any CPU
		{F8D59D43-A81D-4A29-8B0A-E01A17C356D5}.Release|Any CPU.Build.0 = Release|Any CPU
		{F8D59D43-A81D-4A29-8B0A-E01A17C356D5}.Release|x64.ActiveCfg = Release|Any CPU
		{F8D59D43-A81D-4A29-8B0A-E01A17C356D5}.Release|x64.Build.0 = Release|Any CPU
		{F8D59D43-A81D-4A29-8B0A-E01A17C356D5}.Release|x86.ActiveCfg = Release|Any CPU
		{F8D59D43-A81D-4A29-8B0A-E01A17C356D5}.Release|x86.Build.0 = Release|Any CPU
		{F1BAF89F-5AE6-422D-922B-09A4F40F6A8A}.Debug|Any CPU.ActiveCfg = Debug|Any CPU
		{F1BAF89F-5AE6-422D-922B-09A4F40F6A8A}.Debug|Any CPU.Build.0 = Debug|Any CPU
		{F1BAF89F-5AE6-422D-922B-09A4F40F6A8A}.Debug|x64.ActiveCfg = Debug|Any CPU
		{F1BAF89F-5AE6-422D-922B-09A4F40F6A8A}.Debug|x64.Build.0 = Debug|Any CPU
		{F1BAF89F-5AE6-422D-922B-09A4F40F6A8A}.Debug|x86.ActiveCfg = Debug|Any CPU
		{F1BAF89F-5AE6-422D-922B-09A4F40F6A8A}.Debug|x86.Build.0 = Debug|Any CPU
		{F1BAF89F-5AE6-422D-922B-09A4F40F6A8A}.Release|Any CPU.ActiveCfg = Release|Any CPU
		{F1BAF89F-5AE6-422D-922B-09A4F40F6A8A}.Release|Any CPU.Build.0 = Release|Any CPU
		{F1BAF89F-5AE6-422D-922B-09A4F40F6A8A}.Release|x64.ActiveCfg = Release|Any CPU
		{F1BAF89F-5AE6-422D-922B-09A4F40F6A8A}.Release|x64.Build.0 = Release|Any CPU
		{F1BAF89F-5AE6-422D-922B-09A4F40F6A8A}.Release|x86.ActiveCfg = Release|Any CPU
		{F1BAF89F-5AE6-422D-922B-09A4F40F6A8A}.Release|x86.Build.0 = Release|Any CPU
		{95CDB216-4E09-4CE4-B7FC-5A74D4CC2E6D}.Debug|Any CPU.ActiveCfg = Debug|Any CPU
		{95CDB216-4E09-4CE4-B7FC-5A74D4CC2E6D}.Debug|Any CPU.Build.0 = Debug|Any CPU
		{95CDB216-4E09-4CE4-B7FC-5A74D4CC2E6D}.Debug|x64.ActiveCfg = Debug|Any CPU
		{95CDB216-4E09-4CE4-B7FC-5A74D4CC2E6D}.Debug|x64.Build.0 = Debug|Any CPU
		{95CDB216-4E09-4CE4-B7FC-5A74D4CC2E6D}.Debug|x86.ActiveCfg = Debug|Any CPU
		{95CDB216-4E09-4CE4-B7FC-5A74D4CC2E6D}.Debug|x86.Build.0 = Debug|Any CPU
		{95CDB216-4E09-4CE4-B7FC-5A74D4CC2E6D}.Release|Any CPU.ActiveCfg = Release|Any CPU
		{95CDB216-4E09-4CE4-B7FC-5A74D4CC2E6D}.Release|Any CPU.Build.0 = Release|Any CPU
		{95CDB216-4E09-4CE4-B7FC-5A74D4CC2E6D}.Release|x64.ActiveCfg = Release|Any CPU
		{95CDB216-4E09-4CE4-B7FC-5A74D4CC2E6D}.Release|x64.Build.0 = Release|Any CPU
		{95CDB216-4E09-4CE4-B7FC-5A74D4CC2E6D}.Release|x86.ActiveCfg = Release|Any CPU
		{95CDB216-4E09-4CE4-B7FC-5A74D4CC2E6D}.Release|x86.Build.0 = Release|Any CPU
		{D689C5A3-7F4F-4498-8034-3E7F4B4DA5E9}.Debug|Any CPU.ActiveCfg = Debug|Any CPU
		{D689C5A3-7F4F-4498-8034-3E7F4B4DA5E9}.Debug|Any CPU.Build.0 = Debug|Any CPU
		{D689C5A3-7F4F-4498-8034-3E7F4B4DA5E9}.Debug|x64.ActiveCfg = Debug|Any CPU
		{D689C5A3-7F4F-4498-8034-3E7F4B4DA5E9}.Debug|x64.Build.0 = Debug|Any CPU
		{D689C5A3-7F4F-4498-8034-3E7F4B4DA5E9}.Debug|x86.ActiveCfg = Debug|Any CPU
		{D689C5A3-7F4F-4498-8034-3E7F4B4DA5E9}.Debug|x86.Build.0 = Debug|Any CPU
		{D689C5A3-7F4F-4498-8034-3E7F4B4DA5E9}.Release|Any CPU.ActiveCfg = Release|Any CPU
		{D689C5A3-7F4F-4498-8034-3E7F4B4DA5E9}.Release|Any CPU.Build.0 = Release|Any CPU
		{D689C5A3-7F4F-4498-8034-3E7F4B4DA5E9}.Release|x64.ActiveCfg = Release|Any CPU
		{D689C5A3-7F4F-4498-8034-3E7F4B4DA5E9}.Release|x64.Build.0 = Release|Any CPU
		{D689C5A3-7F4F-4498-8034-3E7F4B4DA5E9}.Release|x86.ActiveCfg = Release|Any CPU
		{D689C5A3-7F4F-4498-8034-3E7F4B4DA5E9}.Release|x86.Build.0 = Release|Any CPU
		{D0A3B54A-968C-498E-8429-D937A65248DE}.Debug|Any CPU.ActiveCfg = Debug|Any CPU
		{D0A3B54A-968C-498E-8429-D937A65248DE}.Debug|Any CPU.Build.0 = Debug|Any CPU
		{D0A3B54A-968C-498E-8429-D937A65248DE}.Debug|x64.ActiveCfg = Debug|Any CPU
		{D0A3B54A-968C-498E-8429-D937A65248DE}.Debug|x64.Build.0 = Debug|Any CPU
		{D0A3B54A-968C-498E-8429-D937A65248DE}.Debug|x86.ActiveCfg = Debug|Any CPU
		{D0A3B54A-968C-498E-8429-D937A65248DE}.Debug|x86.Build.0 = Debug|Any CPU
		{D0A3B54A-968C-498E-8429-D937A65248DE}.Release|Any CPU.ActiveCfg = Release|Any CPU
		{D0A3B54A-968C-498E-8429-D937A65248DE}.Release|Any CPU.Build.0 = Release|Any CPU
		{D0A3B54A-968C-498E-8429-D937A65248DE}.Release|x64.ActiveCfg = Release|Any CPU
		{D0A3B54A-968C-498E-8429-D937A65248DE}.Release|x64.Build.0 = Release|Any CPU
		{D0A3B54A-968C-498E-8429-D937A65248DE}.Release|x86.ActiveCfg = Release|Any CPU
		{D0A3B54A-968C-498E-8429-D937A65248DE}.Release|x86.Build.0 = Release|Any CPU
		{BA7FE7BD-A153-4AB5-95F3-4821FBFCD65E}.Debug|Any CPU.ActiveCfg = Debug|Any CPU
		{BA7FE7BD-A153-4AB5-95F3-4821FBFCD65E}.Debug|Any CPU.Build.0 = Debug|Any CPU
		{BA7FE7BD-A153-4AB5-95F3-4821FBFCD65E}.Debug|x64.ActiveCfg = Debug|Any CPU
		{BA7FE7BD-A153-4AB5-95F3-4821FBFCD65E}.Debug|x64.Build.0 = Debug|Any CPU
		{BA7FE7BD-A153-4AB5-95F3-4821FBFCD65E}.Debug|x86.ActiveCfg = Debug|Any CPU
		{BA7FE7BD-A153-4AB5-95F3-4821FBFCD65E}.Debug|x86.Build.0 = Debug|Any CPU
		{BA7FE7BD-A153-4AB5-95F3-4821FBFCD65E}.Release|Any CPU.ActiveCfg = Release|Any CPU
		{BA7FE7BD-A153-4AB5-95F3-4821FBFCD65E}.Release|Any CPU.Build.0 = Release|Any CPU
		{BA7FE7BD-A153-4AB5-95F3-4821FBFCD65E}.Release|x64.ActiveCfg = Release|Any CPU
		{BA7FE7BD-A153-4AB5-95F3-4821FBFCD65E}.Release|x64.Build.0 = Release|Any CPU
		{BA7FE7BD-A153-4AB5-95F3-4821FBFCD65E}.Release|x86.ActiveCfg = Release|Any CPU
		{BA7FE7BD-A153-4AB5-95F3-4821FBFCD65E}.Release|x86.Build.0 = Release|Any CPU
		{E7E1C95A-CEB2-4D0D-A4EC-5F5D5B13EF80}.Debug|Any CPU.ActiveCfg = Debug|Any CPU
		{E7E1C95A-CEB2-4D0D-A4EC-5F5D5B13EF80}.Debug|Any CPU.Build.0 = Debug|Any CPU
		{E7E1C95A-CEB2-4D0D-A4EC-5F5D5B13EF80}.Debug|x64.ActiveCfg = Debug|Any CPU
		{E7E1C95A-CEB2-4D0D-A4EC-5F5D5B13EF80}.Debug|x64.Build.0 = Debug|Any CPU
		{E7E1C95A-CEB2-4D0D-A4EC-5F5D5B13EF80}.Debug|x86.ActiveCfg = Debug|Any CPU
		{E7E1C95A-CEB2-4D0D-A4EC-5F5D5B13EF80}.Debug|x86.Build.0 = Debug|Any CPU
		{E7E1C95A-CEB2-4D0D-A4EC-5F5D5B13EF80}.Release|Any CPU.ActiveCfg = Release|Any CPU
		{E7E1C95A-CEB2-4D0D-A4EC-5F5D5B13EF80}.Release|Any CPU.Build.0 = Release|Any CPU
		{E7E1C95A-CEB2-4D0D-A4EC-5F5D5B13EF80}.Release|x64.ActiveCfg = Release|Any CPU
		{E7E1C95A-CEB2-4D0D-A4EC-5F5D5B13EF80}.Release|x64.Build.0 = Release|Any CPU
		{E7E1C95A-CEB2-4D0D-A4EC-5F5D5B13EF80}.Release|x86.ActiveCfg = Release|Any CPU
		{E7E1C95A-CEB2-4D0D-A4EC-5F5D5B13EF80}.Release|x86.Build.0 = Release|Any CPU
		{55E112A7-5162-4C41-B767-07BEB80D0BE0}.Debug|Any CPU.ActiveCfg = Debug|Any CPU
		{55E112A7-5162-4C41-B767-07BEB80D0BE0}.Debug|Any CPU.Build.0 = Debug|Any CPU
		{55E112A7-5162-4C41-B767-07BEB80D0BE0}.Debug|x64.ActiveCfg = Debug|Any CPU
		{55E112A7-5162-4C41-B767-07BEB80D0BE0}.Debug|x64.Build.0 = Debug|Any CPU
		{55E112A7-5162-4C41-B767-07BEB80D0BE0}.Debug|x86.ActiveCfg = Debug|Any CPU
		{55E112A7-5162-4C41-B767-07BEB80D0BE0}.Debug|x86.Build.0 = Debug|Any CPU
		{55E112A7-5162-4C41-B767-07BEB80D0BE0}.Release|Any CPU.ActiveCfg = Release|Any CPU
		{55E112A7-5162-4C41-B767-07BEB80D0BE0}.Release|Any CPU.Build.0 = Release|Any CPU
		{55E112A7-5162-4C41-B767-07BEB80D0BE0}.Release|x64.ActiveCfg = Release|Any CPU
		{55E112A7-5162-4C41-B767-07BEB80D0BE0}.Release|x64.Build.0 = Release|Any CPU
		{55E112A7-5162-4C41-B767-07BEB80D0BE0}.Release|x86.ActiveCfg = Release|Any CPU
		{55E112A7-5162-4C41-B767-07BEB80D0BE0}.Release|x86.Build.0 = Release|Any CPU
		{C1A0BF64-D3D6-4217-A701-8CD3772BBCDB}.Debug|Any CPU.ActiveCfg = Debug|Any CPU
		{C1A0BF64-D3D6-4217-A701-8CD3772BBCDB}.Debug|Any CPU.Build.0 = Debug|Any CPU
		{C1A0BF64-D3D6-4217-A701-8CD3772BBCDB}.Debug|x64.ActiveCfg = Debug|Any CPU
		{C1A0BF64-D3D6-4217-A701-8CD3772BBCDB}.Debug|x64.Build.0 = Debug|Any CPU
		{C1A0BF64-D3D6-4217-A701-8CD3772BBCDB}.Debug|x86.ActiveCfg = Debug|Any CPU
		{C1A0BF64-D3D6-4217-A701-8CD3772BBCDB}.Debug|x86.Build.0 = Debug|Any CPU
		{C1A0BF64-D3D6-4217-A701-8CD3772BBCDB}.Release|Any CPU.ActiveCfg = Release|Any CPU
		{C1A0BF64-D3D6-4217-A701-8CD3772BBCDB}.Release|Any CPU.Build.0 = Release|Any CPU
		{C1A0BF64-D3D6-4217-A701-8CD3772BBCDB}.Release|x64.ActiveCfg = Release|Any CPU
		{C1A0BF64-D3D6-4217-A701-8CD3772BBCDB}.Release|x64.Build.0 = Release|Any CPU
		{C1A0BF64-D3D6-4217-A701-8CD3772BBCDB}.Release|x86.ActiveCfg = Release|Any CPU
		{C1A0BF64-D3D6-4217-A701-8CD3772BBCDB}.Release|x86.Build.0 = Release|Any CPU
		{93EF2998-5FCD-475E-A1AD-E421633C5374}.Debug|Any CPU.ActiveCfg = Debug|Any CPU
		{93EF2998-5FCD-475E-A1AD-E421633C5374}.Debug|Any CPU.Build.0 = Debug|Any CPU
		{93EF2998-5FCD-475E-A1AD-E421633C5374}.Debug|x64.ActiveCfg = Debug|Any CPU
		{93EF2998-5FCD-475E-A1AD-E421633C5374}.Debug|x64.Build.0 = Debug|Any CPU
		{93EF2998-5FCD-475E-A1AD-E421633C5374}.Debug|x86.ActiveCfg = Debug|Any CPU
		{93EF2998-5FCD-475E-A1AD-E421633C5374}.Debug|x86.Build.0 = Debug|Any CPU
		{93EF2998-5FCD-475E-A1AD-E421633C5374}.Release|Any CPU.ActiveCfg = Release|Any CPU
		{93EF2998-5FCD-475E-A1AD-E421633C5374}.Release|Any CPU.Build.0 = Release|Any CPU
		{93EF2998-5FCD-475E-A1AD-E421633C5374}.Release|x64.ActiveCfg = Release|Any CPU
		{93EF2998-5FCD-475E-A1AD-E421633C5374}.Release|x64.Build.0 = Release|Any CPU
		{93EF2998-5FCD-475E-A1AD-E421633C5374}.Release|x86.ActiveCfg = Release|Any CPU
		{93EF2998-5FCD-475E-A1AD-E421633C5374}.Release|x86.Build.0 = Release|Any CPU
		{6D4D2519-8CB0-4B56-9C49-306F17EFA165}.Debug|Any CPU.ActiveCfg = Debug|Any CPU
		{6D4D2519-8CB0-4B56-9C49-306F17EFA165}.Debug|Any CPU.Build.0 = Debug|Any CPU
		{6D4D2519-8CB0-4B56-9C49-306F17EFA165}.Debug|x64.ActiveCfg = Debug|Any CPU
		{6D4D2519-8CB0-4B56-9C49-306F17EFA165}.Debug|x64.Build.0 = Debug|Any CPU
		{6D4D2519-8CB0-4B56-9C49-306F17EFA165}.Debug|x86.ActiveCfg = Debug|Any CPU
		{6D4D2519-8CB0-4B56-9C49-306F17EFA165}.Debug|x86.Build.0 = Debug|Any CPU
		{6D4D2519-8CB0-4B56-9C49-306F17EFA165}.Release|Any CPU.ActiveCfg = Release|Any CPU
		{6D4D2519-8CB0-4B56-9C49-306F17EFA165}.Release|Any CPU.Build.0 = Release|Any CPU
		{6D4D2519-8CB0-4B56-9C49-306F17EFA165}.Release|x64.ActiveCfg = Release|Any CPU
		{6D4D2519-8CB0-4B56-9C49-306F17EFA165}.Release|x64.Build.0 = Release|Any CPU
		{6D4D2519-8CB0-4B56-9C49-306F17EFA165}.Release|x86.ActiveCfg = Release|Any CPU
		{6D4D2519-8CB0-4B56-9C49-306F17EFA165}.Release|x86.Build.0 = Release|Any CPU
		{53F6A43F-3A0C-4151-B810-C6847BCC953F}.Debug|Any CPU.ActiveCfg = Debug|Any CPU
		{53F6A43F-3A0C-4151-B810-C6847BCC953F}.Debug|Any CPU.Build.0 = Debug|Any CPU
		{53F6A43F-3A0C-4151-B810-C6847BCC953F}.Debug|x64.ActiveCfg = Debug|Any CPU
		{53F6A43F-3A0C-4151-B810-C6847BCC953F}.Debug|x64.Build.0 = Debug|Any CPU
		{53F6A43F-3A0C-4151-B810-C6847BCC953F}.Debug|x86.ActiveCfg = Debug|Any CPU
		{53F6A43F-3A0C-4151-B810-C6847BCC953F}.Debug|x86.Build.0 = Debug|Any CPU
		{53F6A43F-3A0C-4151-B810-C6847BCC953F}.Release|Any CPU.ActiveCfg = Release|Any CPU
		{53F6A43F-3A0C-4151-B810-C6847BCC953F}.Release|Any CPU.Build.0 = Release|Any CPU
		{53F6A43F-3A0C-4151-B810-C6847BCC953F}.Release|x64.ActiveCfg = Release|Any CPU
		{53F6A43F-3A0C-4151-B810-C6847BCC953F}.Release|x64.Build.0 = Release|Any CPU
		{53F6A43F-3A0C-4151-B810-C6847BCC953F}.Release|x86.ActiveCfg = Release|Any CPU
		{53F6A43F-3A0C-4151-B810-C6847BCC953F}.Release|x86.Build.0 = Release|Any CPU
		{582834B0-F4A3-4AF5-83E0-F10B38794621}.Debug|Any CPU.ActiveCfg = Debug|Any CPU
		{582834B0-F4A3-4AF5-83E0-F10B38794621}.Debug|Any CPU.Build.0 = Debug|Any CPU
		{582834B0-F4A3-4AF5-83E0-F10B38794621}.Debug|x64.ActiveCfg = Debug|Any CPU
		{582834B0-F4A3-4AF5-83E0-F10B38794621}.Debug|x64.Build.0 = Debug|Any CPU
		{582834B0-F4A3-4AF5-83E0-F10B38794621}.Debug|x86.ActiveCfg = Debug|Any CPU
		{582834B0-F4A3-4AF5-83E0-F10B38794621}.Debug|x86.Build.0 = Debug|Any CPU
		{582834B0-F4A3-4AF5-83E0-F10B38794621}.Release|Any CPU.ActiveCfg = Release|Any CPU
		{582834B0-F4A3-4AF5-83E0-F10B38794621}.Release|Any CPU.Build.0 = Release|Any CPU
		{582834B0-F4A3-4AF5-83E0-F10B38794621}.Release|x64.ActiveCfg = Release|Any CPU
		{582834B0-F4A3-4AF5-83E0-F10B38794621}.Release|x64.Build.0 = Release|Any CPU
		{582834B0-F4A3-4AF5-83E0-F10B38794621}.Release|x86.ActiveCfg = Release|Any CPU
		{582834B0-F4A3-4AF5-83E0-F10B38794621}.Release|x86.Build.0 = Release|Any CPU
		{7A6BDB9A-0D8F-4C38-A20A-2670D8A4D84E}.Debug|Any CPU.ActiveCfg = Debug|Any CPU
		{7A6BDB9A-0D8F-4C38-A20A-2670D8A4D84E}.Debug|Any CPU.Build.0 = Debug|Any CPU
		{7A6BDB9A-0D8F-4C38-A20A-2670D8A4D84E}.Debug|x64.ActiveCfg = Debug|Any CPU
		{7A6BDB9A-0D8F-4C38-A20A-2670D8A4D84E}.Debug|x64.Build.0 = Debug|Any CPU
		{7A6BDB9A-0D8F-4C38-A20A-2670D8A4D84E}.Debug|x86.ActiveCfg = Debug|Any CPU
		{7A6BDB9A-0D8F-4C38-A20A-2670D8A4D84E}.Debug|x86.Build.0 = Debug|Any CPU
		{7A6BDB9A-0D8F-4C38-A20A-2670D8A4D84E}.Release|Any CPU.ActiveCfg = Release|Any CPU
		{7A6BDB9A-0D8F-4C38-A20A-2670D8A4D84E}.Release|Any CPU.Build.0 = Release|Any CPU
		{7A6BDB9A-0D8F-4C38-A20A-2670D8A4D84E}.Release|x64.ActiveCfg = Release|Any CPU
		{7A6BDB9A-0D8F-4C38-A20A-2670D8A4D84E}.Release|x64.Build.0 = Release|Any CPU
		{7A6BDB9A-0D8F-4C38-A20A-2670D8A4D84E}.Release|x86.ActiveCfg = Release|Any CPU
		{7A6BDB9A-0D8F-4C38-A20A-2670D8A4D84E}.Release|x86.Build.0 = Release|Any CPU
		{AC2AE265-4AFD-4A05-9CA1-A76E8D87D81D}.Debug|Any CPU.ActiveCfg = Debug|Any CPU
		{AC2AE265-4AFD-4A05-9CA1-A76E8D87D81D}.Debug|Any CPU.Build.0 = Debug|Any CPU
		{AC2AE265-4AFD-4A05-9CA1-A76E8D87D81D}.Debug|x64.ActiveCfg = Debug|Any CPU
		{AC2AE265-4AFD-4A05-9CA1-A76E8D87D81D}.Debug|x64.Build.0 = Debug|Any CPU
		{AC2AE265-4AFD-4A05-9CA1-A76E8D87D81D}.Debug|x86.ActiveCfg = Debug|Any CPU
		{AC2AE265-4AFD-4A05-9CA1-A76E8D87D81D}.Debug|x86.Build.0 = Debug|Any CPU
		{AC2AE265-4AFD-4A05-9CA1-A76E8D87D81D}.Release|Any CPU.ActiveCfg = Release|Any CPU
		{AC2AE265-4AFD-4A05-9CA1-A76E8D87D81D}.Release|Any CPU.Build.0 = Release|Any CPU
		{AC2AE265-4AFD-4A05-9CA1-A76E8D87D81D}.Release|x64.ActiveCfg = Release|Any CPU
		{AC2AE265-4AFD-4A05-9CA1-A76E8D87D81D}.Release|x64.Build.0 = Release|Any CPU
		{AC2AE265-4AFD-4A05-9CA1-A76E8D87D81D}.Release|x86.ActiveCfg = Release|Any CPU
		{AC2AE265-4AFD-4A05-9CA1-A76E8D87D81D}.Release|x86.Build.0 = Release|Any CPU
		{DF6C6656-1F6D-4F07-A6DA-24039C2B7043}.Debug|Any CPU.ActiveCfg = Debug|Any CPU
		{DF6C6656-1F6D-4F07-A6DA-24039C2B7043}.Debug|Any CPU.Build.0 = Debug|Any CPU
		{DF6C6656-1F6D-4F07-A6DA-24039C2B7043}.Debug|x64.ActiveCfg = Debug|Any CPU
		{DF6C6656-1F6D-4F07-A6DA-24039C2B7043}.Debug|x64.Build.0 = Debug|Any CPU
		{DF6C6656-1F6D-4F07-A6DA-24039C2B7043}.Debug|x86.ActiveCfg = Debug|Any CPU
		{DF6C6656-1F6D-4F07-A6DA-24039C2B7043}.Debug|x86.Build.0 = Debug|Any CPU
		{DF6C6656-1F6D-4F07-A6DA-24039C2B7043}.Release|Any CPU.ActiveCfg = Release|Any CPU
		{DF6C6656-1F6D-4F07-A6DA-24039C2B7043}.Release|Any CPU.Build.0 = Release|Any CPU
		{DF6C6656-1F6D-4F07-A6DA-24039C2B7043}.Release|x64.ActiveCfg = Release|Any CPU
		{DF6C6656-1F6D-4F07-A6DA-24039C2B7043}.Release|x64.Build.0 = Release|Any CPU
		{DF6C6656-1F6D-4F07-A6DA-24039C2B7043}.Release|x86.ActiveCfg = Release|Any CPU
		{DF6C6656-1F6D-4F07-A6DA-24039C2B7043}.Release|x86.Build.0 = Release|Any CPU
		{F46A5D26-3C0A-4FB7-B431-97E8B83C3D99}.Debug|Any CPU.ActiveCfg = Debug|Any CPU
		{F46A5D26-3C0A-4FB7-B431-97E8B83C3D99}.Debug|Any CPU.Build.0 = Debug|Any CPU
		{F46A5D26-3C0A-4FB7-B431-97E8B83C3D99}.Debug|x64.ActiveCfg = Debug|Any CPU
		{F46A5D26-3C0A-4FB7-B431-97E8B83C3D99}.Debug|x64.Build.0 = Debug|Any CPU
		{F46A5D26-3C0A-4FB7-B431-97E8B83C3D99}.Debug|x86.ActiveCfg = Debug|Any CPU
		{F46A5D26-3C0A-4FB7-B431-97E8B83C3D99}.Debug|x86.Build.0 = Debug|Any CPU
		{F46A5D26-3C0A-4FB7-B431-97E8B83C3D99}.Release|Any CPU.ActiveCfg = Release|Any CPU
		{F46A5D26-3C0A-4FB7-B431-97E8B83C3D99}.Release|Any CPU.Build.0 = Release|Any CPU
		{F46A5D26-3C0A-4FB7-B431-97E8B83C3D99}.Release|x64.ActiveCfg = Release|Any CPU
		{F46A5D26-3C0A-4FB7-B431-97E8B83C3D99}.Release|x64.Build.0 = Release|Any CPU
		{F46A5D26-3C0A-4FB7-B431-97E8B83C3D99}.Release|x86.ActiveCfg = Release|Any CPU
		{F46A5D26-3C0A-4FB7-B431-97E8B83C3D99}.Release|x86.Build.0 = Release|Any CPU
		{CC89D2B0-EDFE-4AA9-8919-DE66F2EA5A8B}.Debug|Any CPU.ActiveCfg = Debug|Any CPU
		{CC89D2B0-EDFE-4AA9-8919-DE66F2EA5A8B}.Debug|Any CPU.Build.0 = Debug|Any CPU
		{CC89D2B0-EDFE-4AA9-8919-DE66F2EA5A8B}.Debug|x64.ActiveCfg = Debug|Any CPU
		{CC89D2B0-EDFE-4AA9-8919-DE66F2EA5A8B}.Debug|x64.Build.0 = Debug|Any CPU
		{CC89D2B0-EDFE-4AA9-8919-DE66F2EA5A8B}.Debug|x86.ActiveCfg = Debug|Any CPU
		{CC89D2B0-EDFE-4AA9-8919-DE66F2EA5A8B}.Debug|x86.Build.0 = Debug|Any CPU
		{CC89D2B0-EDFE-4AA9-8919-DE66F2EA5A8B}.Release|Any CPU.ActiveCfg = Release|Any CPU
		{CC89D2B0-EDFE-4AA9-8919-DE66F2EA5A8B}.Release|Any CPU.Build.0 = Release|Any CPU
		{CC89D2B0-EDFE-4AA9-8919-DE66F2EA5A8B}.Release|x64.ActiveCfg = Release|Any CPU
		{CC89D2B0-EDFE-4AA9-8919-DE66F2EA5A8B}.Release|x64.Build.0 = Release|Any CPU
		{CC89D2B0-EDFE-4AA9-8919-DE66F2EA5A8B}.Release|x86.ActiveCfg = Release|Any CPU
		{CC89D2B0-EDFE-4AA9-8919-DE66F2EA5A8B}.Release|x86.Build.0 = Release|Any CPU
		{623F9DA7-690E-42BF-BD14-DF1E05BCB2CD}.Debug|Any CPU.ActiveCfg = Debug|Any CPU
		{623F9DA7-690E-42BF-BD14-DF1E05BCB2CD}.Debug|Any CPU.Build.0 = Debug|Any CPU
		{623F9DA7-690E-42BF-BD14-DF1E05BCB2CD}.Debug|x64.ActiveCfg = Debug|Any CPU
		{623F9DA7-690E-42BF-BD14-DF1E05BCB2CD}.Debug|x64.Build.0 = Debug|Any CPU
		{623F9DA7-690E-42BF-BD14-DF1E05BCB2CD}.Debug|x86.ActiveCfg = Debug|Any CPU
		{623F9DA7-690E-42BF-BD14-DF1E05BCB2CD}.Debug|x86.Build.0 = Debug|Any CPU
		{623F9DA7-690E-42BF-BD14-DF1E05BCB2CD}.Release|Any CPU.ActiveCfg = Release|Any CPU
		{623F9DA7-690E-42BF-BD14-DF1E05BCB2CD}.Release|Any CPU.Build.0 = Release|Any CPU
		{623F9DA7-690E-42BF-BD14-DF1E05BCB2CD}.Release|x64.ActiveCfg = Release|Any CPU
		{623F9DA7-690E-42BF-BD14-DF1E05BCB2CD}.Release|x64.Build.0 = Release|Any CPU
		{623F9DA7-690E-42BF-BD14-DF1E05BCB2CD}.Release|x86.ActiveCfg = Release|Any CPU
		{623F9DA7-690E-42BF-BD14-DF1E05BCB2CD}.Release|x86.Build.0 = Release|Any CPU
	EndGlobalSection
	GlobalSection(SolutionProperties) = preSolution
		HideSolutionNode = FALSE
	EndGlobalSection
	GlobalSection(NestedProjects) = preSolution
		{F8D59D43-A81D-4A29-8B0A-E01A17C356D5} = {827E0CD3-B72D-47B6-A68D-7590B98EB39B}
		{F1BAF89F-5AE6-422D-922B-09A4F40F6A8A} = {827E0CD3-B72D-47B6-A68D-7590B98EB39B}
		{95CDB216-4E09-4CE4-B7FC-5A74D4CC2E6D} = {827E0CD3-B72D-47B6-A68D-7590B98EB39B}
		{D689C5A3-7F4F-4498-8034-3E7F4B4DA5E9} = {827E0CD3-B72D-47B6-A68D-7590B98EB39B}
		{D0A3B54A-968C-498E-8429-D937A65248DE} = {827E0CD3-B72D-47B6-A68D-7590B98EB39B}
		{BA7FE7BD-A153-4AB5-95F3-4821FBFCD65E} = {827E0CD3-B72D-47B6-A68D-7590B98EB39B}
		{E7E1C95A-CEB2-4D0D-A4EC-5F5D5B13EF80} = {827E0CD3-B72D-47B6-A68D-7590B98EB39B}
		{55E112A7-5162-4C41-B767-07BEB80D0BE0} = {827E0CD3-B72D-47B6-A68D-7590B98EB39B}
		{C1A0BF64-D3D6-4217-A701-8CD3772BBCDB} = {0AB3BF05-4346-4AA6-1389-037BE0695223}
		{93EF2998-5FCD-475E-A1AD-E421633C5374} = {0AB3BF05-4346-4AA6-1389-037BE0695223}
		{6D4D2519-8CB0-4B56-9C49-306F17EFA165} = {0AB3BF05-4346-4AA6-1389-037BE0695223}
		{53F6A43F-3A0C-4151-B810-C6847BCC953F} = {0AB3BF05-4346-4AA6-1389-037BE0695223}
		{582834B0-F4A3-4AF5-83E0-F10B38794621} = {0AB3BF05-4346-4AA6-1389-037BE0695223}
		{7A6BDB9A-0D8F-4C38-A20A-2670D8A4D84E} = {0AB3BF05-4346-4AA6-1389-037BE0695223}
		{AC2AE265-4AFD-4A05-9CA1-A76E8D87D81D} = {0AB3BF05-4346-4AA6-1389-037BE0695223}
		{DF6C6656-1F6D-4F07-A6DA-24039C2B7043} = {827E0CD3-B72D-47B6-A68D-7590B98EB39B}
		{F46A5D26-3C0A-4FB7-B431-97E8B83C3D99} = {827E0CD3-B72D-47B6-A68D-7590B98EB39B}
		{CC89D2B0-EDFE-4AA9-8919-DE66F2EA5A8B} = {0AB3BF05-4346-4AA6-1389-037BE0695223}
		{623F9DA7-690E-42BF-BD14-DF1E05BCB2CD} = {0AB3BF05-4346-4AA6-1389-037BE0695223}
	EndGlobalSection
EndGlobal
